// !$*UTF8*$!
{
	archiveVersion = 1;
	classes = {
	};
	objectVersion = 48;
	objects = {

/* Begin PBXBuildFile section */
		579C865C58A6DE38A1091131 /* libPods-GeneralProject.a in Frameworks */ = {isa = PBXBuildFile; fileRef = 0D46079A48C8F7566AD65AF1 /* libPods-GeneralProject.a */; };
		7B20B5081F8B84FF00192B80 /* FirstTableViewCell.m in Sources */ = {isa = PBXBuildFile; fileRef = 7B20B5071F8B84FF00192B80 /* FirstTableViewCell.m */; };
		7B20B50B1F8B8CBB00192B80 /* AboutViewController.m in Sources */ = {isa = PBXBuildFile; fileRef = 7B20B5091F8B8CBB00192B80 /* AboutViewController.m */; };
		7B20B50E1F8B920400192B80 /* SecondTableViewCell.m in Sources */ = {isa = PBXBuildFile; fileRef = 7B20B50D1F8B920400192B80 /* SecondTableViewCell.m */; };
		7B20B5111F8B952600192B80 /* ThreeTableViewCell.m in Sources */ = {isa = PBXBuildFile; fileRef = 7B20B5101F8B952600192B80 /* ThreeTableViewCell.m */; };
		7B20B5141F8B984100192B80 /* GeneralWebViewController.m in Sources */ = {isa = PBXBuildFile; fileRef = 7B20B5131F8B984100192B80 /* GeneralWebViewController.m */; };
		7B20B5171F8BB8C300192B80 /* ThreeTableViewCellModel.m in Sources */ = {isa = PBXBuildFile; fileRef = 7B20B5161F8BB8C300192B80 /* ThreeTableViewCellModel.m */; };
		7BD96F631F8B789F000DEEFA /* AppDelegate.m in Sources */ = {isa = PBXBuildFile; fileRef = 7BD96F621F8B789F000DEEFA /* AppDelegate.m */; };
		7BD96F661F8B789F000DEEFA /* ViewController.m in Sources */ = {isa = PBXBuildFile; fileRef = 7BD96F651F8B789F000DEEFA /* ViewController.m */; };
		7BD96F6B1F8B789F000DEEFA /* Assets.xcassets in Resources */ = {isa = PBXBuildFile; fileRef = 7BD96F6A1F8B789F000DEEFA /* Assets.xcassets */; };
		7BD96F711F8B789F000DEEFA /* main.m in Sources */ = {isa = PBXBuildFile; fileRef = 7BD96F701F8B789F000DEEFA /* main.m */; };
		7BD96F7B1F8B789F000DEEFA /* GeneralProjectUITests.m in Sources */ = {isa = PBXBuildFile; fileRef = 7BD96F7A1F8B789F000DEEFA /* GeneralProjectUITests.m */; };
		7BD96FBD1F8B792D000DEEFA /* AssignToObject.m in Sources */ = {isa = PBXBuildFile; fileRef = 7BD96F891F8B792C000DEEFA /* AssignToObject.m */; };
		7BD96FBE1F8B792D000DEEFA /* MBProgressHUD+FL.m in Sources */ = {isa = PBXBuildFile; fileRef = 7BD96F8C1F8B792C000DEEFA /* MBProgressHUD+FL.m */; };
		7BD96FBF1F8B792D000DEEFA /* MD5Util.m in Sources */ = {isa = PBXBuildFile; fileRef = 7BD96F8E1F8B792C000DEEFA /* MD5Util.m */; };
		7BD96FC01F8B792D000DEEFA /* NetworkingSessionManager.m in Sources */ = {isa = PBXBuildFile; fileRef = 7BD96F901F8B792C000DEEFA /* NetworkingSessionManager.m */; };
		7BD96FC11F8B792D000DEEFA /* NSMutableAttributedString+AttributedString.m in Sources */ = {isa = PBXBuildFile; fileRef = 7BD96F921F8B792C000DEEFA /* NSMutableAttributedString+AttributedString.m */; };
		7BD96FC21F8B792D000DEEFA /* SBJson.m in Sources */ = {isa = PBXBuildFile; fileRef = 7BD96F941F8B792C000DEEFA /* SBJson.m */; };
		7BD96FC31F8B792D000DEEFA /* BaseNavigationViewController.m in Sources */ = {isa = PBXBuildFile; fileRef = 7BD96F971F8B792C000DEEFA /* BaseNavigationViewController.m */; };
		7BD96FC41F8B792D000DEEFA /* BaseTabBarViewController.m in Sources */ = {isa = PBXBuildFile; fileRef = 7BD96F991F8B792C000DEEFA /* BaseTabBarViewController.m */; };
		7BD96FC51F8B792D000DEEFA /* BaseViewController.m in Sources */ = {isa = PBXBuildFile; fileRef = 7BD96F9B1F8B792C000DEEFA /* BaseViewController.m */; };
		7BD96FC61F8B792D000DEEFA /* FirstViewController.m in Sources */ = {isa = PBXBuildFile; fileRef = 7BD96FA01F8B792C000DEEFA /* FirstViewController.m */; };
		7BD96FC71F8B792D000DEEFA /* FourViewController.m in Sources */ = {isa = PBXBuildFile; fileRef = 7BD96FA71F8B792C000DEEFA /* FourViewController.m */; };
		7BD96FC81F8B792D000DEEFA /* SecondViewController.m in Sources */ = {isa = PBXBuildFile; fileRef = 7BD96FAF1F8B792C000DEEFA /* SecondViewController.m */; };
		7BD96FC91F8B792D000DEEFA /* ThreeViewController.m in Sources */ = {isa = PBXBuildFile; fileRef = 7BD96FB61F8B792C000DEEFA /* ThreeViewController.m */; };
		E15B55DC1F8C993F00A1EA70 /* LaunchScreen.storyboard in Resources */ = {isa = PBXBuildFile; fileRef = E15B55DB1F8C993F00A1EA70 /* LaunchScreen.storyboard */; };
		E15B55E11F8CBCC700A1EA70 /* 640.960.jpg in Resources */ = {isa = PBXBuildFile; fileRef = E15B55DD1F8CBCC700A1EA70 /* 640.960.jpg */; };
		E15B55E21F8CBCC700A1EA70 /* 640.1136.jpg in Resources */ = {isa = PBXBuildFile; fileRef = E15B55DE1F8CBCC700A1EA70 /* 640.1136.jpg */; };
		E15B55E31F8CBCC700A1EA70 /* 750.1334.jpg in Resources */ = {isa = PBXBuildFile; fileRef = E15B55DF1F8CBCC700A1EA70 /* 750.1334.jpg */; };
		E15B55E41F8CBCC700A1EA70 /* 1242.2208.jpg in Resources */ = {isa = PBXBuildFile; fileRef = E15B55E01F8CBCC700A1EA70 /* 1242.2208.jpg */; };
/* End PBXBuildFile section */

/* Begin PBXContainerItemProxy section */
		7BD96F771F8B789F000DEEFA /* PBXContainerItemProxy */ = {
			isa = PBXContainerItemProxy;
			containerPortal = 7BD96F561F8B789F000DEEFA /* Project object */;
			proxyType = 1;
			remoteGlobalIDString = 7BD96F5D1F8B789F000DEEFA;
			remoteInfo = GeneralProject;
		};
/* End PBXContainerItemProxy section */

/* Begin PBXFileReference section */
		0D46079A48C8F7566AD65AF1 /* libPods-GeneralProject.a */ = {isa = PBXFileReference; explicitFileType = archive.ar; includeInIndex = 0; path = "libPods-GeneralProject.a"; sourceTree = BUILT_PRODUCTS_DIR; };
		7B20B5061F8B84FF00192B80 /* FirstTableViewCell.h */ = {isa = PBXFileReference; lastKnownFileType = sourcecode.c.h; path = FirstTableViewCell.h; sourceTree = "<group>"; };
		7B20B5071F8B84FF00192B80 /* FirstTableViewCell.m */ = {isa = PBXFileReference; lastKnownFileType = sourcecode.c.objc; path = FirstTableViewCell.m; sourceTree = "<group>"; };
		7B20B5091F8B8CBB00192B80 /* AboutViewController.m */ = {isa = PBXFileReference; lastKnownFileType = sourcecode.c.objc; path = AboutViewController.m; sourceTree = "<group>"; };
		7B20B50A1F8B8CBB00192B80 /* AboutViewController.h */ = {isa = PBXFileReference; lastKnownFileType = sourcecode.c.h; path = AboutViewController.h; sourceTree = "<group>"; };
		7B20B50C1F8B920400192B80 /* SecondTableViewCell.h */ = {isa = PBXFileReference; lastKnownFileType = sourcecode.c.h; path = SecondTableViewCell.h; sourceTree = "<group>"; };
		7B20B50D1F8B920400192B80 /* SecondTableViewCell.m */ = {isa = PBXFileReference; lastKnownFileType = sourcecode.c.objc; path = SecondTableViewCell.m; sourceTree = "<group>"; };
		7B20B50F1F8B952600192B80 /* ThreeTableViewCell.h */ = {isa = PBXFileReference; lastKnownFileType = sourcecode.c.h; path = ThreeTableViewCell.h; sourceTree = "<group>"; };
		7B20B5101F8B952600192B80 /* ThreeTableViewCell.m */ = {isa = PBXFileReference; lastKnownFileType = sourcecode.c.objc; path = ThreeTableViewCell.m; sourceTree = "<group>"; };
		7B20B5121F8B984100192B80 /* GeneralWebViewController.h */ = {isa = PBXFileReference; lastKnownFileType = sourcecode.c.h; path = GeneralWebViewController.h; sourceTree = "<group>"; };
		7B20B5131F8B984100192B80 /* GeneralWebViewController.m */ = {isa = PBXFileReference; lastKnownFileType = sourcecode.c.objc; path = GeneralWebViewController.m; sourceTree = "<group>"; };
		7B20B5151F8BB8C300192B80 /* ThreeTableViewCellModel.h */ = {isa = PBXFileReference; lastKnownFileType = sourcecode.c.h; path = ThreeTableViewCellModel.h; sourceTree = "<group>"; };
		7B20B5161F8BB8C300192B80 /* ThreeTableViewCellModel.m */ = {isa = PBXFileReference; lastKnownFileType = sourcecode.c.objc; path = ThreeTableViewCellModel.m; sourceTree = "<group>"; };
		7BD96F5E1F8B789F000DEEFA /* GeneralProject.app */ = {isa = PBXFileReference; explicitFileType = wrapper.application; includeInIndex = 0; path = GeneralProject.app; sourceTree = BUILT_PRODUCTS_DIR; };
		7BD96F611F8B789F000DEEFA /* AppDelegate.h */ = {isa = PBXFileReference; lastKnownFileType = sourcecode.c.h; path = AppDelegate.h; sourceTree = "<group>"; };
		7BD96F621F8B789F000DEEFA /* AppDelegate.m */ = {isa = PBXFileReference; lastKnownFileType = sourcecode.c.objc; path = AppDelegate.m; sourceTree = "<group>"; };
		7BD96F641F8B789F000DEEFA /* ViewController.h */ = {isa = PBXFileReference; lastKnownFileType = sourcecode.c.h; path = ViewController.h; sourceTree = "<group>"; };
		7BD96F651F8B789F000DEEFA /* ViewController.m */ = {isa = PBXFileReference; lastKnownFileType = sourcecode.c.objc; path = ViewController.m; sourceTree = "<group>"; };
		7BD96F6A1F8B789F000DEEFA /* Assets.xcassets */ = {isa = PBXFileReference; lastKnownFileType = folder.assetcatalog; path = Assets.xcassets; sourceTree = "<group>"; };
		7BD96F6F1F8B789F000DEEFA /* Info.plist */ = {isa = PBXFileReference; lastKnownFileType = text.plist.xml; path = Info.plist; sourceTree = "<group>"; };
		7BD96F701F8B789F000DEEFA /* main.m */ = {isa = PBXFileReference; lastKnownFileType = sourcecode.c.objc; path = main.m; sourceTree = "<group>"; };
		7BD96F761F8B789F000DEEFA /* GeneralProjectUITests.xctest */ = {isa = PBXFileReference; explicitFileType = wrapper.cfbundle; includeInIndex = 0; path = GeneralProjectUITests.xctest; sourceTree = BUILT_PRODUCTS_DIR; };
		7BD96F7A1F8B789F000DEEFA /* GeneralProjectUITests.m */ = {isa = PBXFileReference; lastKnownFileType = sourcecode.c.objc; path = GeneralProjectUITests.m; sourceTree = "<group>"; };
		7BD96F7C1F8B789F000DEEFA /* Info.plist */ = {isa = PBXFileReference; lastKnownFileType = text.plist.xml; path = Info.plist; sourceTree = "<group>"; };
		7BD96F861F8B792C000DEEFA /* PrefixHeader.pch */ = {isa = PBXFileReference; fileEncoding = 4; lastKnownFileType = sourcecode.c.h; path = PrefixHeader.pch; sourceTree = "<group>"; };
		7BD96F881F8B792C000DEEFA /* AssignToObject.h */ = {isa = PBXFileReference; fileEncoding = 4; lastKnownFileType = sourcecode.c.h; path = AssignToObject.h; sourceTree = "<group>"; };
		7BD96F891F8B792C000DEEFA /* AssignToObject.m */ = {isa = PBXFileReference; fileEncoding = 4; lastKnownFileType = sourcecode.c.objc; path = AssignToObject.m; sourceTree = "<group>"; };
		7BD96F8A1F8B792C000DEEFA /* DataDefinition.h */ = {isa = PBXFileReference; fileEncoding = 4; lastKnownFileType = sourcecode.c.h; path = DataDefinition.h; sourceTree = "<group>"; };
		7BD96F8B1F8B792C000DEEFA /* MBProgressHUD+FL.h */ = {isa = PBXFileReference; fileEncoding = 4; lastKnownFileType = sourcecode.c.h; path = "MBProgressHUD+FL.h"; sourceTree = "<group>"; };
		7BD96F8C1F8B792C000DEEFA /* MBProgressHUD+FL.m */ = {isa = PBXFileReference; fileEncoding = 4; lastKnownFileType = sourcecode.c.objc; path = "MBProgressHUD+FL.m"; sourceTree = "<group>"; };
		7BD96F8D1F8B792C000DEEFA /* MD5Util.h */ = {isa = PBXFileReference; fileEncoding = 4; lastKnownFileType = sourcecode.c.h; path = MD5Util.h; sourceTree = "<group>"; };
		7BD96F8E1F8B792C000DEEFA /* MD5Util.m */ = {isa = PBXFileReference; fileEncoding = 4; lastKnownFileType = sourcecode.c.objc; path = MD5Util.m; sourceTree = "<group>"; };
		7BD96F8F1F8B792C000DEEFA /* NetworkingSessionManager.h */ = {isa = PBXFileReference; fileEncoding = 4; lastKnownFileType = sourcecode.c.h; path = NetworkingSessionManager.h; sourceTree = "<group>"; };
		7BD96F901F8B792C000DEEFA /* NetworkingSessionManager.m */ = {isa = PBXFileReference; fileEncoding = 4; lastKnownFileType = sourcecode.c.objc; path = NetworkingSessionManager.m; sourceTree = "<group>"; };
		7BD96F911F8B792C000DEEFA /* NSMutableAttributedString+AttributedString.h */ = {isa = PBXFileReference; fileEncoding = 4; lastKnownFileType = sourcecode.c.h; path = "NSMutableAttributedString+AttributedString.h"; sourceTree = "<group>"; };
		7BD96F921F8B792C000DEEFA /* NSMutableAttributedString+AttributedString.m */ = {isa = PBXFileReference; fileEncoding = 4; lastKnownFileType = sourcecode.c.objc; path = "NSMutableAttributedString+AttributedString.m"; sourceTree = "<group>"; };
		7BD96F931F8B792C000DEEFA /* SBJson.h */ = {isa = PBXFileReference; fileEncoding = 4; lastKnownFileType = sourcecode.c.h; path = SBJson.h; sourceTree = "<group>"; };
		7BD96F941F8B792C000DEEFA /* SBJson.m */ = {isa = PBXFileReference; fileEncoding = 4; lastKnownFileType = sourcecode.c.objc; path = SBJson.m; sourceTree = "<group>"; };
		7BD96F961F8B792C000DEEFA /* BaseNavigationViewController.h */ = {isa = PBXFileReference; fileEncoding = 4; lastKnownFileType = sourcecode.c.h; path = BaseNavigationViewController.h; sourceTree = "<group>"; };
		7BD96F971F8B792C000DEEFA /* BaseNavigationViewController.m */ = {isa = PBXFileReference; fileEncoding = 4; lastKnownFileType = sourcecode.c.objc; path = BaseNavigationViewController.m; sourceTree = "<group>"; };
		7BD96F981F8B792C000DEEFA /* BaseTabBarViewController.h */ = {isa = PBXFileReference; fileEncoding = 4; lastKnownFileType = sourcecode.c.h; path = BaseTabBarViewController.h; sourceTree = "<group>"; };
		7BD96F991F8B792C000DEEFA /* BaseTabBarViewController.m */ = {isa = PBXFileReference; fileEncoding = 4; lastKnownFileType = sourcecode.c.objc; path = BaseTabBarViewController.m; sourceTree = "<group>"; };
		7BD96F9A1F8B792C000DEEFA /* BaseViewController.h */ = {isa = PBXFileReference; fileEncoding = 4; lastKnownFileType = sourcecode.c.h; path = BaseViewController.h; sourceTree = "<group>"; };
		7BD96F9B1F8B792C000DEEFA /* BaseViewController.m */ = {isa = PBXFileReference; fileEncoding = 4; lastKnownFileType = sourcecode.c.objc; path = BaseViewController.m; sourceTree = "<group>"; };
		7BD96F9F1F8B792C000DEEFA /* FirstViewController.h */ = {isa = PBXFileReference; fileEncoding = 4; lastKnownFileType = sourcecode.c.h; path = FirstViewController.h; sourceTree = "<group>"; };
		7BD96FA01F8B792C000DEEFA /* FirstViewController.m */ = {isa = PBXFileReference; fileEncoding = 4; lastKnownFileType = sourcecode.c.objc; path = FirstViewController.m; sourceTree = "<group>"; };
		7BD96FA61F8B792C000DEEFA /* FourViewController.h */ = {isa = PBXFileReference; fileEncoding = 4; lastKnownFileType = sourcecode.c.h; path = FourViewController.h; sourceTree = "<group>"; };
		7BD96FA71F8B792C000DEEFA /* FourViewController.m */ = {isa = PBXFileReference; fileEncoding = 4; lastKnownFileType = sourcecode.c.objc; path = FourViewController.m; sourceTree = "<group>"; };
		7BD96FAE1F8B792C000DEEFA /* SecondViewController.h */ = {isa = PBXFileReference; fileEncoding = 4; lastKnownFileType = sourcecode.c.h; path = SecondViewController.h; sourceTree = "<group>"; };
		7BD96FAF1F8B792C000DEEFA /* SecondViewController.m */ = {isa = PBXFileReference; fileEncoding = 4; lastKnownFileType = sourcecode.c.objc; path = SecondViewController.m; sourceTree = "<group>"; };
		7BD96FB51F8B792C000DEEFA /* ThreeViewController.h */ = {isa = PBXFileReference; fileEncoding = 4; lastKnownFileType = sourcecode.c.h; path = ThreeViewController.h; sourceTree = "<group>"; };
		7BD96FB61F8B792C000DEEFA /* ThreeViewController.m */ = {isa = PBXFileReference; fileEncoding = 4; lastKnownFileType = sourcecode.c.objc; path = ThreeViewController.m; sourceTree = "<group>"; };
		867D7A1E0B11DD65F0C16E89 /* Pods-GeneralProject.release.xcconfig */ = {isa = PBXFileReference; includeInIndex = 1; lastKnownFileType = text.xcconfig; name = "Pods-GeneralProject.release.xcconfig"; path = "Pods/Target Support Files/Pods-GeneralProject/Pods-GeneralProject.release.xcconfig"; sourceTree = "<group>"; };
		ACB2DAB345D54E96D2D678A4 /* Pods-GeneralProject.debug.xcconfig */ = {isa = PBXFileReference; includeInIndex = 1; lastKnownFileType = text.xcconfig; name = "Pods-GeneralProject.debug.xcconfig"; path = "Pods/Target Support Files/Pods-GeneralProject/Pods-GeneralProject.debug.xcconfig"; sourceTree = "<group>"; };
		E15B55DB1F8C993F00A1EA70 /* LaunchScreen.storyboard */ = {isa = PBXFileReference; fileEncoding = 4; lastKnownFileType = file.storyboard; path = LaunchScreen.storyboard; sourceTree = "<group>"; };
		E15B55DD1F8CBCC700A1EA70 /* 640.960.jpg */ = {isa = PBXFileReference; lastKnownFileType = image.jpeg; path = 640.960.jpg; sourceTree = "<group>"; };
		E15B55DE1F8CBCC700A1EA70 /* 640.1136.jpg */ = {isa = PBXFileReference; lastKnownFileType = image.jpeg; path = 640.1136.jpg; sourceTree = "<group>"; };
		E15B55DF1F8CBCC700A1EA70 /* 750.1334.jpg */ = {isa = PBXFileReference; lastKnownFileType = image.jpeg; path = 750.1334.jpg; sourceTree = "<group>"; };
		E15B55E01F8CBCC700A1EA70 /* 1242.2208.jpg */ = {isa = PBXFileReference; lastKnownFileType = image.jpeg; path = 1242.2208.jpg; sourceTree = "<group>"; };
/* End PBXFileReference section */

/* Begin PBXFrameworksBuildPhase section */
		7BD96F5B1F8B789F000DEEFA /* Frameworks */ = {
			isa = PBXFrameworksBuildPhase;
			buildActionMask = 2147483647;
			files = (
				579C865C58A6DE38A1091131 /* libPods-GeneralProject.a in Frameworks */,
			);
			runOnlyForDeploymentPostprocessing = 0;
		};
		7BD96F731F8B789F000DEEFA /* Frameworks */ = {
			isa = PBXFrameworksBuildPhase;
			buildActionMask = 2147483647;
			files = (
			);
			runOnlyForDeploymentPostprocessing = 0;
		};
/* End PBXFrameworksBuildPhase section */

/* Begin PBXGroup section */
		7BD96F551F8B789F000DEEFA = {
			isa = PBXGroup;
			children = (
				7BD96F601F8B789F000DEEFA /* GeneralProject */,
				7BD96F791F8B789F000DEEFA /* GeneralProjectUITests */,
				7BD96F5F1F8B789F000DEEFA /* Products */,
				D53AC458BFE7B98448B19215 /* Pods */,
				A507FF81B32B16E5D93CC4F8 /* Frameworks */,
			);
			sourceTree = "<group>";
		};
		7BD96F5F1F8B789F000DEEFA /* Products */ = {
			isa = PBXGroup;
			children = (
				7BD96F5E1F8B789F000DEEFA /* GeneralProject.app */,
				7BD96F761F8B789F000DEEFA /* GeneralProjectUITests.xctest */,
			);
			name = Products;
			sourceTree = "<group>";
		};
		7BD96F601F8B789F000DEEFA /* GeneralProject */ = {
			isa = PBXGroup;
			children = (
				7BD96F951F8B792C000DEEFA /* Controller */,
				7BD96FBC1F8B792C000DEEFA /* Model */,
				7BD96F871F8B792C000DEEFA /* Tools */,
				7BD96F851F8B792C000DEEFA /* View */,
				7BD96FCA1F8B7B8E000DEEFA /* Source */,
				7BD96F611F8B789F000DEEFA /* AppDelegate.h */,
				7BD96F621F8B789F000DEEFA /* AppDelegate.m */,
				7BD96F641F8B789F000DEEFA /* ViewController.h */,
				7BD96F651F8B789F000DEEFA /* ViewController.m */,
				7BD96F6A1F8B789F000DEEFA /* Assets.xcassets */,
				7BD96F6F1F8B789F000DEEFA /* Info.plist */,
				7BD96F701F8B789F000DEEFA /* main.m */,
				7BD96F861F8B792C000DEEFA /* PrefixHeader.pch */,
				E15B55DB1F8C993F00A1EA70 /* LaunchScreen.storyboard */,
			);
			path = GeneralProject;
			sourceTree = "<group>";
		};
		7BD96F791F8B789F000DEEFA /* GeneralProjectUITests */ = {
			isa = PBXGroup;
			children = (
				7BD96F7A1F8B789F000DEEFA /* GeneralProjectUITests.m */,
				7BD96F7C1F8B789F000DEEFA /* Info.plist */,
			);
			path = GeneralProjectUITests;
			sourceTree = "<group>";
		};
		7BD96F851F8B792C000DEEFA /* View */ = {
			isa = PBXGroup;
			children = (
			);
			path = View;
			sourceTree = "<group>";
		};
		7BD96F871F8B792C000DEEFA /* Tools */ = {
			isa = PBXGroup;
			children = (
				7BD96F881F8B792C000DEEFA /* AssignToObject.h */,
				7BD96F891F8B792C000DEEFA /* AssignToObject.m */,
				7BD96F8A1F8B792C000DEEFA /* DataDefinition.h */,
				7BD96F8B1F8B792C000DEEFA /* MBProgressHUD+FL.h */,
				7BD96F8C1F8B792C000DEEFA /* MBProgressHUD+FL.m */,
				7BD96F8D1F8B792C000DEEFA /* MD5Util.h */,
				7BD96F8E1F8B792C000DEEFA /* MD5Util.m */,
				7BD96F8F1F8B792C000DEEFA /* NetworkingSessionManager.h */,
				7BD96F901F8B792C000DEEFA /* NetworkingSessionManager.m */,
				7BD96F911F8B792C000DEEFA /* NSMutableAttributedString+AttributedString.h */,
				7BD96F921F8B792C000DEEFA /* NSMutableAttributedString+AttributedString.m */,
				7BD96F931F8B792C000DEEFA /* SBJson.h */,
				7BD96F941F8B792C000DEEFA /* SBJson.m */,
			);
			path = Tools;
			sourceTree = "<group>";
		};
		7BD96F951F8B792C000DEEFA /* Controller */ = {
			isa = PBXGroup;
			children = (
				7BD96F961F8B792C000DEEFA /* BaseNavigationViewController.h */,
				7BD96F971F8B792C000DEEFA /* BaseNavigationViewController.m */,
				7BD96F981F8B792C000DEEFA /* BaseTabBarViewController.h */,
				7BD96F991F8B792C000DEEFA /* BaseTabBarViewController.m */,
				7BD96F9A1F8B792C000DEEFA /* BaseViewController.h */,
				7BD96F9B1F8B792C000DEEFA /* BaseViewController.m */,
				7B20B5121F8B984100192B80 /* GeneralWebViewController.h */,
				7B20B5131F8B984100192B80 /* GeneralWebViewController.m */,
				7BD96F9C1F8B792C000DEEFA /* Controller */,
				7BD96FB91F8B792C000DEEFA /* Model */,
				7BD96FBA1F8B792C000DEEFA /* Tools */,
				7BD96FBB1F8B792C000DEEFA /* View */,
			);
			path = Controller;
			sourceTree = "<group>";
		};
		7BD96F9C1F8B792C000DEEFA /* Controller */ = {
			isa = PBXGroup;
			children = (
				7BD96F9D1F8B792C000DEEFA /* First */,
				7BD96FA41F8B792C000DEEFA /* Four */,
				7BD96FAB1F8B792C000DEEFA /* Second */,
				7BD96FB21F8B792C000DEEFA /* Three */,
			);
			path = Controller;
			sourceTree = "<group>";
		};
		7BD96F9D1F8B792C000DEEFA /* First */ = {
			isa = PBXGroup;
			children = (
				7BD96F9E1F8B792C000DEEFA /* Controller */,
				7BD96F9F1F8B792C000DEEFA /* FirstViewController.h */,
				7BD96FA01F8B792C000DEEFA /* FirstViewController.m */,
				7BD96FA11F8B792C000DEEFA /* Model */,
				7BD96FA21F8B792C000DEEFA /* Tools */,
				7BD96FA31F8B792C000DEEFA /* View */,
			);
			path = First;
			sourceTree = "<group>";
		};
		7BD96F9E1F8B792C000DEEFA /* Controller */ = {
			isa = PBXGroup;
			children = (
			);
			path = Controller;
			sourceTree = "<group>";
		};
		7BD96FA11F8B792C000DEEFA /* Model */ = {
			isa = PBXGroup;
			children = (
			);
			path = Model;
			sourceTree = "<group>";
		};
		7BD96FA21F8B792C000DEEFA /* Tools */ = {
			isa = PBXGroup;
			children = (
			);
			path = Tools;
			sourceTree = "<group>";
		};
		7BD96FA31F8B792C000DEEFA /* View */ = {
			isa = PBXGroup;
			children = (
				7B20B5061F8B84FF00192B80 /* FirstTableViewCell.h */,
				7B20B5071F8B84FF00192B80 /* FirstTableViewCell.m */,
			);
			path = View;
			sourceTree = "<group>";
		};
		7BD96FA41F8B792C000DEEFA /* Four */ = {
			isa = PBXGroup;
			children = (
				7BD96FA61F8B792C000DEEFA /* FourViewController.h */,
				7BD96FA71F8B792C000DEEFA /* FourViewController.m */,
				7BD96FA51F8B792C000DEEFA /* Controller */,
				7BD96FA81F8B792C000DEEFA /* Model */,
				7BD96FA91F8B792C000DEEFA /* Tools */,
				7BD96FAA1F8B792C000DEEFA /* View */,
			);
			path = Four;
			sourceTree = "<group>";
		};
		7BD96FA51F8B792C000DEEFA /* Controller */ = {
			isa = PBXGroup;
			children = (
				7B20B50A1F8B8CBB00192B80 /* AboutViewController.h */,
				7B20B5091F8B8CBB00192B80 /* AboutViewController.m */,
			);
			path = Controller;
			sourceTree = "<group>";
		};
		7BD96FA81F8B792C000DEEFA /* Model */ = {
			isa = PBXGroup;
			children = (
			);
			path = Model;
			sourceTree = "<group>";
		};
		7BD96FA91F8B792C000DEEFA /* Tools */ = {
			isa = PBXGroup;
			children = (
			);
			path = Tools;
			sourceTree = "<group>";
		};
		7BD96FAA1F8B792C000DEEFA /* View */ = {
			isa = PBXGroup;
			children = (
			);
			path = View;
			sourceTree = "<group>";
		};
		7BD96FAB1F8B792C000DEEFA /* Second */ = {
			isa = PBXGroup;
			children = (
				7BD96FAE1F8B792C000DEEFA /* SecondViewController.h */,
				7BD96FAF1F8B792C000DEEFA /* SecondViewController.m */,
				7BD96FAC1F8B792C000DEEFA /* Controller */,
				7BD96FAD1F8B792C000DEEFA /* Model */,
				7BD96FB01F8B792C000DEEFA /* Tools */,
				7BD96FB11F8B792C000DEEFA /* View */,
			);
			path = Second;
			sourceTree = "<group>";
		};
		7BD96FAC1F8B792C000DEEFA /* Controller */ = {
			isa = PBXGroup;
			children = (
			);
			path = Controller;
			sourceTree = "<group>";
		};
		7BD96FAD1F8B792C000DEEFA /* Model */ = {
			isa = PBXGroup;
			children = (
			);
			path = Model;
			sourceTree = "<group>";
		};
		7BD96FB01F8B792C000DEEFA /* Tools */ = {
			isa = PBXGroup;
			children = (
			);
			path = Tools;
			sourceTree = "<group>";
		};
		7BD96FB11F8B792C000DEEFA /* View */ = {
			isa = PBXGroup;
			children = (
				7B20B50C1F8B920400192B80 /* SecondTableViewCell.h */,
				7B20B50D1F8B920400192B80 /* SecondTableViewCell.m */,
			);
			path = View;
			sourceTree = "<group>";
		};
		7BD96FB21F8B792C000DEEFA /* Three */ = {
			isa = PBXGroup;
			children = (
				7BD96FB51F8B792C000DEEFA /* ThreeViewController.h */,
				7BD96FB61F8B792C000DEEFA /* ThreeViewController.m */,
				7BD96FB31F8B792C000DEEFA /* Controller */,
				7BD96FB41F8B792C000DEEFA /* Model */,
				7BD96FB71F8B792C000DEEFA /* Tools */,
				7BD96FB81F8B792C000DEEFA /* View */,
			);
			path = Three;
			sourceTree = "<group>";
		};
		7BD96FB31F8B792C000DEEFA /* Controller */ = {
			isa = PBXGroup;
			children = (
			);
			path = Controller;
			sourceTree = "<group>";
		};
		7BD96FB41F8B792C000DEEFA /* Model */ = {
			isa = PBXGroup;
			children = (
				7B20B5151F8BB8C300192B80 /* ThreeTableViewCellModel.h */,
				7B20B5161F8BB8C300192B80 /* ThreeTableViewCellModel.m */,
			);
			path = Model;
			sourceTree = "<group>";
		};
		7BD96FB71F8B792C000DEEFA /* Tools */ = {
			isa = PBXGroup;
			children = (
			);
			path = Tools;
			sourceTree = "<group>";
		};
		7BD96FB81F8B792C000DEEFA /* View */ = {
			isa = PBXGroup;
			children = (
				7B20B50F1F8B952600192B80 /* ThreeTableViewCell.h */,
				7B20B5101F8B952600192B80 /* ThreeTableViewCell.m */,
			);
			path = View;
			sourceTree = "<group>";
		};
		7BD96FB91F8B792C000DEEFA /* Model */ = {
			isa = PBXGroup;
			children = (
			);
			path = Model;
			sourceTree = "<group>";
		};
		7BD96FBA1F8B792C000DEEFA /* Tools */ = {
			isa = PBXGroup;
			children = (
			);
			path = Tools;
			sourceTree = "<group>";
		};
		7BD96FBB1F8B792C000DEEFA /* View */ = {
			isa = PBXGroup;
			children = (
			);
			path = View;
			sourceTree = "<group>";
		};
		7BD96FBC1F8B792C000DEEFA /* Model */ = {
			isa = PBXGroup;
			children = (
			);
			path = Model;
			sourceTree = "<group>";
		};
		7BD96FCA1F8B7B8E000DEEFA /* Source */ = {
			isa = PBXGroup;
			children = (
				E15B55DD1F8CBCC700A1EA70 /* 640.960.jpg */,
				E15B55DE1F8CBCC700A1EA70 /* 640.1136.jpg */,
				E15B55DF1F8CBCC700A1EA70 /* 750.1334.jpg */,
				E15B55E01F8CBCC700A1EA70 /* 1242.2208.jpg */,
			);
			path = Source;
			sourceTree = "<group>";
		};
		A507FF81B32B16E5D93CC4F8 /* Frameworks */ = {
			isa = PBXGroup;
			children = (
				0D46079A48C8F7566AD65AF1 /* libPods-GeneralProject.a */,
			);
			name = Frameworks;
			sourceTree = "<group>";
		};
		D53AC458BFE7B98448B19215 /* Pods */ = {
			isa = PBXGroup;
			children = (
				ACB2DAB345D54E96D2D678A4 /* Pods-GeneralProject.debug.xcconfig */,
				867D7A1E0B11DD65F0C16E89 /* Pods-GeneralProject.release.xcconfig */,
			);
			name = Pods;
			sourceTree = "<group>";
		};
/* End PBXGroup section */

/* Begin PBXNativeTarget section */
		7BD96F5D1F8B789F000DEEFA /* GeneralProject */ = {
			isa = PBXNativeTarget;
			buildConfigurationList = 7BD96F7F1F8B789F000DEEFA /* Build configuration list for PBXNativeTarget "GeneralProject" */;
			buildPhases = (
				B1876A663422706C1CE21F44 /* [CP] Check Pods Manifest.lock */,
				7BD96F5A1F8B789F000DEEFA /* Sources */,
				7BD96F5B1F8B789F000DEEFA /* Frameworks */,
				7BD96F5C1F8B789F000DEEFA /* Resources */,
				FF35CACA1FF20FF76A82D831 /* [CP] Embed Pods Frameworks */,
				8EC42BD70A348F670F3FECF5 /* [CP] Copy Pods Resources */,
			);
			buildRules = (
			);
			dependencies = (
			);
			name = GeneralProject;
			productName = GeneralProject;
			productReference = 7BD96F5E1F8B789F000DEEFA /* GeneralProject.app */;
			productType = "com.apple.product-type.application";
		};
		7BD96F751F8B789F000DEEFA /* GeneralProjectUITests */ = {
			isa = PBXNativeTarget;
			buildConfigurationList = 7BD96F821F8B789F000DEEFA /* Build configuration list for PBXNativeTarget "GeneralProjectUITests" */;
			buildPhases = (
				7BD96F721F8B789F000DEEFA /* Sources */,
				7BD96F731F8B789F000DEEFA /* Frameworks */,
				7BD96F741F8B789F000DEEFA /* Resources */,
			);
			buildRules = (
			);
			dependencies = (
				7BD96F781F8B789F000DEEFA /* PBXTargetDependency */,
			);
			name = GeneralProjectUITests;
			productName = GeneralProjectUITests;
			productReference = 7BD96F761F8B789F000DEEFA /* GeneralProjectUITests.xctest */;
			productType = "com.apple.product-type.bundle.ui-testing";
		};
/* End PBXNativeTarget section */

/* Begin PBXProject section */
		7BD96F561F8B789F000DEEFA /* Project object */ = {
			isa = PBXProject;
			attributes = {
				LastUpgradeCheck = 0900;
				TargetAttributes = {
					7BD96F5D1F8B789F000DEEFA = {
						CreatedOnToolsVersion = 9.0;
						ProvisioningStyle = Automatic;
					};
					7BD96F751F8B789F000DEEFA = {
						CreatedOnToolsVersion = 9.0;
						ProvisioningStyle = Automatic;
						TestTargetID = 7BD96F5D1F8B789F000DEEFA;
					};
				};
			};
			buildConfigurationList = 7BD96F591F8B789F000DEEFA /* Build configuration list for PBXProject "GeneralProject" */;
			compatibilityVersion = "Xcode 8.0";
			developmentRegion = en;
			hasScannedForEncodings = 0;
			knownRegions = (
				en,
				Base,
			);
			mainGroup = 7BD96F551F8B789F000DEEFA;
			productRefGroup = 7BD96F5F1F8B789F000DEEFA /* Products */;
			projectDirPath = "";
			projectRoot = "";
			targets = (
				7BD96F5D1F8B789F000DEEFA /* GeneralProject */,
				7BD96F751F8B789F000DEEFA /* GeneralProjectUITests */,
			);
		};
/* End PBXProject section */

/* Begin PBXResourcesBuildPhase section */
		7BD96F5C1F8B789F000DEEFA /* Resources */ = {
			isa = PBXResourcesBuildPhase;
			buildActionMask = 2147483647;
			files = (
				7BD96F6B1F8B789F000DEEFA /* Assets.xcassets in Resources */,
				E15B55E41F8CBCC700A1EA70 /* 1242.2208.jpg in Resources */,
				E15B55DC1F8C993F00A1EA70 /* LaunchScreen.storyboard in Resources */,
				E15B55E21F8CBCC700A1EA70 /* 640.1136.jpg in Resources */,
				E15B55E11F8CBCC700A1EA70 /* 640.960.jpg in Resources */,
				E15B55E31F8CBCC700A1EA70 /* 750.1334.jpg in Resources */,
			);
			runOnlyForDeploymentPostprocessing = 0;
		};
		7BD96F741F8B789F000DEEFA /* Resources */ = {
			isa = PBXResourcesBuildPhase;
			buildActionMask = 2147483647;
			files = (
			);
			runOnlyForDeploymentPostprocessing = 0;
		};
/* End PBXResourcesBuildPhase section */

/* Begin PBXShellScriptBuildPhase section */
		8EC42BD70A348F670F3FECF5 /* [CP] Copy Pods Resources */ = {
			isa = PBXShellScriptBuildPhase;
			buildActionMask = 2147483647;
			files = (
			);
			inputPaths = (
			);
			name = "[CP] Copy Pods Resources";
			outputPaths = (
			);
			runOnlyForDeploymentPostprocessing = 0;
			shellPath = /bin/sh;
			shellScript = "\"${SRCROOT}/Pods/Target Support Files/Pods-GeneralProject/Pods-GeneralProject-resources.sh\"\n";
			showEnvVarsInLog = 0;
		};
		B1876A663422706C1CE21F44 /* [CP] Check Pods Manifest.lock */ = {
			isa = PBXShellScriptBuildPhase;
			buildActionMask = 2147483647;
			files = (
			);
			inputPaths = (
			);
			name = "[CP] Check Pods Manifest.lock";
			outputPaths = (
			);
			runOnlyForDeploymentPostprocessing = 0;
			shellPath = /bin/sh;
			shellScript = "diff \"${PODS_ROOT}/../Podfile.lock\" \"${PODS_ROOT}/Manifest.lock\" > /dev/null\nif [ $? != 0 ] ; then\n    # print error to STDERR\n    echo \"error: The sandbox is not in sync with the Podfile.lock. Run 'pod install' or update your CocoaPods installation.\" >&2\n    exit 1\nfi\n";
			showEnvVarsInLog = 0;
		};
		FF35CACA1FF20FF76A82D831 /* [CP] Embed Pods Frameworks */ = {
			isa = PBXShellScriptBuildPhase;
			buildActionMask = 2147483647;
			files = (
			);
			inputPaths = (
			);
			name = "[CP] Embed Pods Frameworks";
			outputPaths = (
			);
			runOnlyForDeploymentPostprocessing = 0;
			shellPath = /bin/sh;
			shellScript = "\"${SRCROOT}/Pods/Target Support Files/Pods-GeneralProject/Pods-GeneralProject-frameworks.sh\"\n";
			showEnvVarsInLog = 0;
		};
/* End PBXShellScriptBuildPhase section */

/* Begin PBXSourcesBuildPhase section */
		7BD96F5A1F8B789F000DEEFA /* Sources */ = {
			isa = PBXSourcesBuildPhase;
			buildActionMask = 2147483647;
			files = (
				7B20B50B1F8B8CBB00192B80 /* AboutViewController.m in Sources */,
				7BD96FC81F8B792D000DEEFA /* SecondViewController.m in Sources */,
				7BD96FC71F8B792D000DEEFA /* FourViewController.m in Sources */,
				7BD96F661F8B789F000DEEFA /* ViewController.m in Sources */,
				7BD96FC51F8B792D000DEEFA /* BaseViewController.m in Sources */,
				7BD96FC31F8B792D000DEEFA /* BaseNavigationViewController.m in Sources */,
				7B20B5111F8B952600192B80 /* ThreeTableViewCell.m in Sources */,
				7BD96FBE1F8B792D000DEEFA /* MBProgressHUD+FL.m in Sources */,
				7BD96FBF1F8B792D000DEEFA /* MD5Util.m in Sources */,
				7BD96FC91F8B792D000DEEFA /* ThreeViewController.m in Sources */,
				7B20B5141F8B984100192B80 /* GeneralWebViewController.m in Sources */,
				7B20B50E1F8B920400192B80 /* SecondTableViewCell.m in Sources */,
				7B20B5081F8B84FF00192B80 /* FirstTableViewCell.m in Sources */,
				7BD96FC11F8B792D000DEEFA /* NSMutableAttributedString+AttributedString.m in Sources */,
				7BD96FC41F8B792D000DEEFA /* BaseTabBarViewController.m in Sources */,
				7BD96FC61F8B792D000DEEFA /* FirstViewController.m in Sources */,
				7B20B5171F8BB8C300192B80 /* ThreeTableViewCellModel.m in Sources */,
				7BD96F711F8B789F000DEEFA /* main.m in Sources */,
				7BD96FC01F8B792D000DEEFA /* NetworkingSessionManager.m in Sources */,
				7BD96FC21F8B792D000DEEFA /* SBJson.m in Sources */,
				7BD96FBD1F8B792D000DEEFA /* AssignToObject.m in Sources */,
				7BD96F631F8B789F000DEEFA /* AppDelegate.m in Sources */,
			);
			runOnlyForDeploymentPostprocessing = 0;
		};
		7BD96F721F8B789F000DEEFA /* Sources */ = {
			isa = PBXSourcesBuildPhase;
			buildActionMask = 2147483647;
			files = (
				7BD96F7B1F8B789F000DEEFA /* GeneralProjectUITests.m in Sources */,
			);
			runOnlyForDeploymentPostprocessing = 0;
		};
/* End PBXSourcesBuildPhase section */

/* Begin PBXTargetDependency section */
		7BD96F781F8B789F000DEEFA /* PBXTargetDependency */ = {
			isa = PBXTargetDependency;
			target = 7BD96F5D1F8B789F000DEEFA /* GeneralProject */;
			targetProxy = 7BD96F771F8B789F000DEEFA /* PBXContainerItemProxy */;
		};
/* End PBXTargetDependency section */

/* Begin XCBuildConfiguration section */
		7BD96F7D1F8B789F000DEEFA /* Debug */ = {
			isa = XCBuildConfiguration;
			buildSettings = {
				ALWAYS_SEARCH_USER_PATHS = NO;
				CLANG_ANALYZER_NONNULL = YES;
				CLANG_ANALYZER_NUMBER_OBJECT_CONVERSION = YES_AGGRESSIVE;
				CLANG_CXX_LANGUAGE_STANDARD = "gnu++14";
				CLANG_CXX_LIBRARY = "libc++";
				CLANG_ENABLE_MODULES = YES;
				CLANG_ENABLE_OBJC_ARC = YES;
				CLANG_WARN_BLOCK_CAPTURE_AUTORELEASING = YES;
				CLANG_WARN_BOOL_CONVERSION = YES;
				CLANG_WARN_COMMA = YES;
				CLANG_WARN_CONSTANT_CONVERSION = YES;
				CLANG_WARN_DIRECT_OBJC_ISA_USAGE = YES_ERROR;
				CLANG_WARN_DOCUMENTATION_COMMENTS = YES;
				CLANG_WARN_EMPTY_BODY = YES;
				CLANG_WARN_ENUM_CONVERSION = YES;
				CLANG_WARN_INFINITE_RECURSION = YES;
				CLANG_WARN_INT_CONVERSION = YES;
				CLANG_WARN_NON_LITERAL_NULL_CONVERSION = YES;
				CLANG_WARN_OBJC_LITERAL_CONVERSION = YES;
				CLANG_WARN_OBJC_ROOT_CLASS = YES_ERROR;
				CLANG_WARN_RANGE_LOOP_ANALYSIS = YES;
				CLANG_WARN_STRICT_PROTOTYPES = YES;
				CLANG_WARN_SUSPICIOUS_MOVE = YES;
				CLANG_WARN_UNGUARDED_AVAILABILITY = YES_AGGRESSIVE;
				CLANG_WARN_UNREACHABLE_CODE = YES;
				CLANG_WARN__DUPLICATE_METHOD_MATCH = YES;
				CODE_SIGN_IDENTITY = "iPhone Developer";
				COPY_PHASE_STRIP = NO;
				DEBUG_INFORMATION_FORMAT = dwarf;
				ENABLE_STRICT_OBJC_MSGSEND = YES;
				ENABLE_TESTABILITY = YES;
				GCC_C_LANGUAGE_STANDARD = gnu11;
				GCC_DYNAMIC_NO_PIC = NO;
				GCC_NO_COMMON_BLOCKS = YES;
				GCC_OPTIMIZATION_LEVEL = 0;
				GCC_PREPROCESSOR_DEFINITIONS = (
					"DEBUG=1",
					"$(inherited)",
				);
				GCC_WARN_64_TO_32_BIT_CONVERSION = YES;
				GCC_WARN_ABOUT_RETURN_TYPE = YES_ERROR;
				GCC_WARN_UNDECLARED_SELECTOR = YES;
				GCC_WARN_UNINITIALIZED_AUTOS = YES_AGGRESSIVE;
				GCC_WARN_UNUSED_FUNCTION = YES;
				GCC_WARN_UNUSED_VARIABLE = YES;
				IPHONEOS_DEPLOYMENT_TARGET = 11.0;
				MTL_ENABLE_DEBUG_INFO = YES;
				ONLY_ACTIVE_ARCH = YES;
				SDKROOT = iphoneos;
			};
			name = Debug;
		};
		7BD96F7E1F8B789F000DEEFA /* Release */ = {
			isa = XCBuildConfiguration;
			buildSettings = {
				ALWAYS_SEARCH_USER_PATHS = NO;
				CLANG_ANALYZER_NONNULL = YES;
				CLANG_ANALYZER_NUMBER_OBJECT_CONVERSION = YES_AGGRESSIVE;
				CLANG_CXX_LANGUAGE_STANDARD = "gnu++14";
				CLANG_CXX_LIBRARY = "libc++";
				CLANG_ENABLE_MODULES = YES;
				CLANG_ENABLE_OBJC_ARC = YES;
				CLANG_WARN_BLOCK_CAPTURE_AUTORELEASING = YES;
				CLANG_WARN_BOOL_CONVERSION = YES;
				CLANG_WARN_COMMA = YES;
				CLANG_WARN_CONSTANT_CONVERSION = YES;
				CLANG_WARN_DIRECT_OBJC_ISA_USAGE = YES_ERROR;
				CLANG_WARN_DOCUMENTATION_COMMENTS = YES;
				CLANG_WARN_EMPTY_BODY = YES;
				CLANG_WARN_ENUM_CONVERSION = YES;
				CLANG_WARN_INFINITE_RECURSION = YES;
				CLANG_WARN_INT_CONVERSION = YES;
				CLANG_WARN_NON_LITERAL_NULL_CONVERSION = YES;
				CLANG_WARN_OBJC_LITERAL_CONVERSION = YES;
				CLANG_WARN_OBJC_ROOT_CLASS = YES_ERROR;
				CLANG_WARN_RANGE_LOOP_ANALYSIS = YES;
				CLANG_WARN_STRICT_PROTOTYPES = YES;
				CLANG_WARN_SUSPICIOUS_MOVE = YES;
				CLANG_WARN_UNGUARDED_AVAILABILITY = YES_AGGRESSIVE;
				CLANG_WARN_UNREACHABLE_CODE = YES;
				CLANG_WARN__DUPLICATE_METHOD_MATCH = YES;
				CODE_SIGN_IDENTITY = "iPhone Developer";
				COPY_PHASE_STRIP = NO;
				DEBUG_INFORMATION_FORMAT = "dwarf-with-dsym";
				ENABLE_NS_ASSERTIONS = NO;
				ENABLE_STRICT_OBJC_MSGSEND = YES;
				GCC_C_LANGUAGE_STANDARD = gnu11;
				GCC_NO_COMMON_BLOCKS = YES;
				GCC_WARN_64_TO_32_BIT_CONVERSION = YES;
				GCC_WARN_ABOUT_RETURN_TYPE = YES_ERROR;
				GCC_WARN_UNDECLARED_SELECTOR = YES;
				GCC_WARN_UNINITIALIZED_AUTOS = YES_AGGRESSIVE;
				GCC_WARN_UNUSED_FUNCTION = YES;
				GCC_WARN_UNUSED_VARIABLE = YES;
				IPHONEOS_DEPLOYMENT_TARGET = 11.0;
				MTL_ENABLE_DEBUG_INFO = NO;
				SDKROOT = iphoneos;
				VALIDATE_PRODUCT = YES;
			};
			name = Release;
		};
		7BD96F801F8B789F000DEEFA /* Debug */ = {
			isa = XCBuildConfiguration;
			baseConfigurationReference = ACB2DAB345D54E96D2D678A4 /* Pods-GeneralProject.debug.xcconfig */;
			buildSettings = {
				ASSETCATALOG_COMPILER_APPICON_NAME = AppIcon;
				CODE_SIGN_STYLE = Automatic;
				GCC_PRECOMPILE_PREFIX_HEADER = YES;
				GCC_PREFIX_HEADER = GeneralProject/PrefixHeader.pch;
				INFOPLIST_FILE = GeneralProject/Info.plist;
				IPHONEOS_DEPLOYMENT_TARGET = 9.0;
				LD_RUNPATH_SEARCH_PATHS = "$(inherited) @executable_path/Frameworks";
				PRODUCT_BUNDLE_IDENTIFIER = com.webapp.huijinqihuo;
				PRODUCT_NAME = "$(TARGET_NAME)";
				TARGETED_DEVICE_FAMILY = "1,2";
			};
			name = Debug;
		};
		7BD96F811F8B789F000DEEFA /* Release */ = {
			isa = XCBuildConfiguration;
			baseConfigurationReference = 867D7A1E0B11DD65F0C16E89 /* Pods-GeneralProject.release.xcconfig */;
			buildSettings = {
				ASSETCATALOG_COMPILER_APPICON_NAME = AppIcon;
				CODE_SIGN_STYLE = Automatic;
				GCC_PRECOMPILE_PREFIX_HEADER = YES;
				GCC_PREFIX_HEADER = GeneralProject/PrefixHeader.pch;
				INFOPLIST_FILE = GeneralProject/Info.plist;
				IPHONEOS_DEPLOYMENT_TARGET = 9.0;
				LD_RUNPATH_SEARCH_PATHS = "$(inherited) @executable_path/Frameworks";
				PRODUCT_BUNDLE_IDENTIFIER = com.webapp.huijinqihuo;
				PRODUCT_NAME = "$(TARGET_NAME)";
				TARGETED_DEVICE_FAMILY = "1,2";
			};
			name = Release;
		};
		7BD96F831F8B789F000DEEFA /* Debug */ = {
			isa = XCBuildConfiguration;
			buildSettings = {
				CODE_SIGN_STYLE = Automatic;
				INFOPLIST_FILE = GeneralProjectUITests/Info.plist;
				LD_RUNPATH_SEARCH_PATHS = "$(inherited) @executable_path/Frameworks @loader_path/Frameworks";
				PRODUCT_BUNDLE_IDENTIFIER = com.generalproject.app.GeneralProjectUITests;
				PRODUCT_NAME = "$(TARGET_NAME)";
				TARGETED_DEVICE_FAMILY = "1,2";
				TEST_TARGET_NAME = GeneralProject;
			};
			name = Debug;
		};
		7BD96F841F8B789F000DEEFA /* Release */ = {
			isa = XCBuildConfiguration;
			buildSettings = {
				CODE_SIGN_STYLE = Automatic;
				INFOPLIST_FILE = GeneralProjectUITests/Info.plist;
				LD_RUNPATH_SEARCH_PATHS = "$(inherited) @executable_path/Frameworks @loader_path/Frameworks";
				PRODUCT_BUNDLE_IDENTIFIER = com.generalproject.app.GeneralProjectUITests;
				PRODUCT_NAME = "$(TARGET_NAME)";
				TARGETED_DEVICE_FAMILY = "1,2";
				TEST_TARGET_NAME = GeneralProject;
			};
			name = Release;
		};
/* End XCBuildConfiguration section */

/* Begin XCConfigurationList section */
		7BD96F591F8B789F000DEEFA /* Build configuration list for PBXProject "GeneralProject" */ = {
			isa = XCConfigurationList;
			buildConfigurations = (
				7BD96F7D1F8B789F000DEEFA /* Debug */,
				7BD96F7E1F8B789F000DEEFA /* Release */,
			);
			defaultConfigurationIsVisible = 0;
			defaultConfigurationName = Release;
		};
		7BD96F7F1F8B789F000DEEFA /* Build configuration list for PBXNativeTarget "GeneralProject" */ = {
			isa = XCConfigurationList;
			buildConfigurations = (
				7BD96F801F8B789F000DEEFA /* Debug */,
				7BD96F811F8B789F000DEEFA /* Release */,
			);
			defaultConfigurationIsVisible = 0;
			defaultConfigurationName = Release;
		};
		7BD96F821F8B789F000DEEFA /* Build configuration list for PBXNativeTarget "GeneralProjectUITests" */ = {
			isa = XCConfigurationList;
			buildConfigurations = (
				7BD96F831F8B789F000DEEFA /* Debug */,
				7BD96F841F8B789F000DEEFA /* Release */,
			);
			defaultConfigurationIsVisible = 0;
			defaultConfigurationName = Release;
		};
/* End XCConfigurationList section */
	};
	rootObject = 7BD96F561F8B789F000DEEFA /* Project object */;
}
